
Microsoft Visual Studio Solution File, Format Version 12.00
# Visual Studio Version 17
VisualStudioVersion = 17.8.34322.80
MinimumVisualStudioVersion = 10.0.40219.1
Project("{FAE04EC0-301F-11D3-BF4B-00C04F79EFBC}") = "SignalR", "SignalR\SignalR.csproj", "{DE6A8D52-0373-4FF0-ABB1-9673DCBA5D09}"
EndProject
Global
	GlobalSection(SolutionConfigurationPlatforms) = preSolution
		Debug|Any CPU = Debug|Any CPU
		Release|Any CPU = Release|Any CPU
	EndGlobalSection
	GlobalSection(ProjectConfigurationPlatforms) = postSolution
		{DE6A8D52-0373-4FF0-ABB1-9673DCBA5D09}.Debug|Any CPU.ActiveCfg = Debug|Any CPU
		{DE6A8D52-0373-4FF0-ABB1-9673DCBA5D09}.Debug|Any CPU.Build.0 = Debug|Any CPU
		{DE6A8D52-0373-4FF0-ABB1-9673DCBA5D09}.Release|Any CPU.ActiveCfg = Release|Any CPU
		{DE6A8D52-0373-4FF0-ABB1-9673DCBA5D09}.Release|Any CPU.Build.0 = Release|Any CPU
	EndGlobalSection
	GlobalSection(SolutionProperties) = preSolution
		HideSolutionNode = FALSE
	EndGlobalSection
	GlobalSection(ExtensibilityGlobals) = postSolution
		SolutionGuid = {F739F6CE-7E46-4254-85BB-163BD2DDF459}
	EndGlobalSection
EndGlobal
